
Microsoft Visual Studio Solution File, Format Version 12.00
# Visual Studio Version 16
VisualStudioVersion = 16.0.31702.278
MinimumVisualStudioVersion = 10.0.40219.1
Project("{FAE04EC0-301F-11D3-BF4B-00C04F79EFBC}") = "20", "20\20.csproj", "{41FC579C-AB97-4361-91B3-F4E60D4EE75D}"
EndProject
Global
	GlobalSection(SolutionConfigurationPlatforms) = preSolution
		Debug|Any CPU = Debug|Any CPU
		Release|Any CPU = Release|Any CPU
	EndGlobalSection
	GlobalSection(ProjectConfigurationPlatforms) = postSolution
		{41FC579C-AB97-4361-91B3-F4E60D4EE75D}.Debug|Any CPU.ActiveCfg = Debug|Any CPU
		{41FC579C-AB97-4361-91B3-F4E60D4EE75D}.Debug|Any CPU.Build.0 = Debug|Any CPU
		{41FC579C-AB97-4361-91B3-F4E60D4EE75D}.Release|Any CPU.ActiveCfg = Release|Any CPU
		{41FC579C-AB97-4361-91B3-F4E60D4EE75D}.Release|Any CPU.Build.0 = Release|Any CPU
	EndGlobalSection
	GlobalSection(SolutionProperties) = preSolution
		HideSolutionNode = FALSE
	EndGlobalSection
	GlobalSection(ExtensibilityGlobals) = postSolution
		SolutionGuid = {74FA1B95-B343-4F97-B06B-2BECB03391B3}
	EndGlobalSection
EndGlobal
